// !$*UTF8*$!
{
	archiveVersion = 1;
	classes = {
	};
	objectVersion = 46;
	objects = {

/* Begin PBXBuildFile section */
		726953F41406AF4954BFBFE9 /* Pods_SwiftDataStructuresTests.framework in Frameworks */ = {isa = PBXBuildFile; fileRef = E7B553EE0E0CAD67C96299C6 /* Pods_SwiftDataStructuresTests.framework */; };
		C5062DF01A68F37700F65B86 /* TestHelpers.swift in Sources */ = {isa = PBXBuildFile; fileRef = C5062DEF1A68F37700F65B86 /* TestHelpers.swift */; };
		C5062DF21A69070A00F65B86 /* LinkedListSpec.swift in Sources */ = {isa = PBXBuildFile; fileRef = C5062DF11A69070A00F65B86 /* LinkedListSpec.swift */; };
		C50EC6731A69CA81005EC7EF /* OrderedDictionarySpec.swift in Sources */ = {isa = PBXBuildFile; fileRef = C50EC6721A69CA81005EC7EF /* OrderedDictionarySpec.swift */; };
		C530968E1A62F55A001C19E2 /* TestHelpers.OrderedDictionary.swift in Sources */ = {isa = PBXBuildFile; fileRef = C530968D1A62F55A001C19E2 /* TestHelpers.OrderedDictionary.swift */; };
		C57BD5F81A62AE5F0058548A /* TestHelpers.LinkedList.swift in Sources */ = {isa = PBXBuildFile; fileRef = C57BD5F71A62AE5F0058548A /* TestHelpers.LinkedList.swift */; };
		C594F0301A4324240046EE2F /* QueueTests.swift in Sources */ = {isa = PBXBuildFile; fileRef = C594F02F1A4324240046EE2F /* QueueTests.swift */; };
		C5A028DB1A663EAE0083E84C /* LinkedList.swift in Sources */ = {isa = PBXBuildFile; fileRef = C5A028D31A663EAE0083E84C /* LinkedList.swift */; };
		C5E7A1561A5D035E00DC0892 /* OrderedDictionaryTests.swift in Sources */ = {isa = PBXBuildFile; fileRef = C5E7A1551A5D035E00DC0892 /* OrderedDictionaryTests.swift */; };
		C5E8B1081C4A2E9D003E94DA /* Queue.swift in Sources */ = {isa = PBXBuildFile; fileRef = C5A028D61A663EAE0083E84C /* Queue.swift */; };
		C5E8B1091C4A2FE4003E94DA /* Stack.swift in Sources */ = {isa = PBXBuildFile; fileRef = C5A028D81A663EAE0083E84C /* Stack.swift */; };
		C5E8B10C1C4A327C003E94DA /* OrderedDictionary.swift in Sources */ = {isa = PBXBuildFile; fileRef = C5A028D41A663EAE0083E84C /* OrderedDictionary.swift */; };
		C5E8B10D1C4A358E003E94DA /* OrderedSet.swift in Sources */ = {isa = PBXBuildFile; fileRef = C5A028D51A663EAE0083E84C /* OrderedSet.swift */; };
		C5EEEB131A422B7600C5260C /* SwiftDataStructures.h in Headers */ = {isa = PBXBuildFile; fileRef = C5EEEB121A422B7600C5260C /* SwiftDataStructures.h */; settings = {ATTRIBUTES = (Public, ); }; };
		C5EEEB191A422B7600C5260C /* SwiftDataStructures.framework in Frameworks */ = {isa = PBXBuildFile; fileRef = C5EEEB0D1A422B7600C5260C /* SwiftDataStructures.framework */; };
		C5EEEB2F1A422E7C00C5260C /* StackTests.swift in Sources */ = {isa = PBXBuildFile; fileRef = C5EEEB2E1A422E7C00C5260C /* StackTests.swift */; };
		C5EEEB331A4262F200C5260C /* LinkedListTests.swift in Sources */ = {isa = PBXBuildFile; fileRef = C5EEEB321A4262F200C5260C /* LinkedListTests.swift */; };
		C8E3C458E14A9DB93E28C2C9 /* Pods_SwiftDataStructures.framework in Frameworks */ = {isa = PBXBuildFile; fileRef = 45B2E86B445EF47A1AE20F0F /* Pods_SwiftDataStructures.framework */; };
		EF101DC8D547359E66BD804F /* Pods.framework in Frameworks */ = {isa = PBXBuildFile; fileRef = 1B66FC743A128B0993EC6FE0 /* Pods.framework */; settings = {ATTRIBUTES = (Weak, ); }; };
/* End PBXBuildFile section */

/* Begin PBXContainerItemProxy section */
		C5EEEB1A1A422B7600C5260C /* PBXContainerItemProxy */ = {
			isa = PBXContainerItemProxy;
			containerPortal = C5EEEB041A422B7600C5260C /* Project object */;
			proxyType = 1;
			remoteGlobalIDString = C5EEEB0C1A422B7600C5260C;
			remoteInfo = SwiftDataStructures;
		};
/* End PBXContainerItemProxy section */

/* Begin PBXCopyFilesBuildPhase section */
		C5E60C771A6AAE87009C66B0 /* CopyFiles */ = {
			isa = PBXCopyFilesBuildPhase;
			buildActionMask = 2147483647;
			dstPath = "";
			dstSubfolderSpec = 10;
			files = (
			);
			runOnlyForDeploymentPostprocessing = 0;
		};
/* End PBXCopyFilesBuildPhase section */

/* Begin PBXFileReference section */
		1B66FC743A128B0993EC6FE0 /* Pods.framework */ = {isa = PBXFileReference; explicitFileType = wrapper.framework; includeInIndex = 0; path = Pods.framework; sourceTree = BUILT_PRODUCTS_DIR; };
		45B2E86B445EF47A1AE20F0F /* Pods_SwiftDataStructures.framework */ = {isa = PBXFileReference; explicitFileType = wrapper.framework; includeInIndex = 0; path = Pods_SwiftDataStructures.framework; sourceTree = BUILT_PRODUCTS_DIR; };
		507CD344D704111AE4A2AA45 /* Pods-SwiftDataStructuresTests.release.xcconfig */ = {isa = PBXFileReference; includeInIndex = 1; lastKnownFileType = text.xcconfig; name = "Pods-SwiftDataStructuresTests.release.xcconfig"; path = "Pods/Target Support Files/Pods-SwiftDataStructuresTests/Pods-SwiftDataStructuresTests.release.xcconfig"; sourceTree = "<group>"; };
		58846DE5EC9E467A38CEDA56 /* Pods-SwiftDataStructuresTests.debug.xcconfig */ = {isa = PBXFileReference; includeInIndex = 1; lastKnownFileType = text.xcconfig; name = "Pods-SwiftDataStructuresTests.debug.xcconfig"; path = "Pods/Target Support Files/Pods-SwiftDataStructuresTests/Pods-SwiftDataStructuresTests.debug.xcconfig"; sourceTree = "<group>"; };
		8CCF7614B0342E8AE521AF52 /* Pods-SwiftDataStructures.release.xcconfig */ = {isa = PBXFileReference; includeInIndex = 1; lastKnownFileType = text.xcconfig; name = "Pods-SwiftDataStructures.release.xcconfig"; path = "Pods/Target Support Files/Pods-SwiftDataStructures/Pods-SwiftDataStructures.release.xcconfig"; sourceTree = "<group>"; };
		B65980CEC2A24E528DA41D0C /* Pods.release.xcconfig */ = {isa = PBXFileReference; includeInIndex = 1; lastKnownFileType = text.xcconfig; name = Pods.release.xcconfig; path = "Pods/Target Support Files/Pods/Pods.release.xcconfig"; sourceTree = "<group>"; };
		C44AC681E2EE307AAD25AE3E /* Pods.debug.xcconfig */ = {isa = PBXFileReference; includeInIndex = 1; lastKnownFileType = text.xcconfig; name = Pods.debug.xcconfig; path = "Pods/Target Support Files/Pods/Pods.debug.xcconfig"; sourceTree = "<group>"; };
		C5062DEF1A68F37700F65B86 /* TestHelpers.swift */ = {isa = PBXFileReference; fileEncoding = 4; lastKnownFileType = sourcecode.swift; path = TestHelpers.swift; sourceTree = "<group>"; };
		C5062DF11A69070A00F65B86 /* LinkedListSpec.swift */ = {isa = PBXFileReference; fileEncoding = 4; lastKnownFileType = sourcecode.swift; path = LinkedListSpec.swift; sourceTree = "<group>"; };
		C50EC6721A69CA81005EC7EF /* OrderedDictionarySpec.swift */ = {isa = PBXFileReference; fileEncoding = 4; lastKnownFileType = sourcecode.swift; path = OrderedDictionarySpec.swift; sourceTree = "<group>"; };
		C530968D1A62F55A001C19E2 /* TestHelpers.OrderedDictionary.swift */ = {isa = PBXFileReference; fileEncoding = 4; lastKnownFileType = sourcecode.swift; path = TestHelpers.OrderedDictionary.swift; sourceTree = "<group>"; };
		C57BD5F71A62AE5F0058548A /* TestHelpers.LinkedList.swift */ = {isa = PBXFileReference; fileEncoding = 4; lastKnownFileType = sourcecode.swift; path = TestHelpers.LinkedList.swift; sourceTree = "<group>"; };
		C594F02F1A4324240046EE2F /* QueueTests.swift */ = {isa = PBXFileReference; fileEncoding = 4; lastKnownFileType = sourcecode.swift; path = QueueTests.swift; sourceTree = "<group>"; };
		C5A028D31A663EAE0083E84C /* LinkedList.swift */ = {isa = PBXFileReference; fileEncoding = 4; lastKnownFileType = sourcecode.swift; path = LinkedList.swift; sourceTree = "<group>"; };
		C5A028D41A663EAE0083E84C /* OrderedDictionary.swift */ = {isa = PBXFileReference; fileEncoding = 4; lastKnownFileType = sourcecode.swift; path = OrderedDictionary.swift; sourceTree = "<group>"; };
		C5A028D51A663EAE0083E84C /* OrderedSet.swift */ = {isa = PBXFileReference; fileEncoding = 4; lastKnownFileType = sourcecode.swift; path = OrderedSet.swift; sourceTree = "<group>"; };
		C5A028D61A663EAE0083E84C /* Queue.swift */ = {isa = PBXFileReference; fileEncoding = 4; lastKnownFileType = sourcecode.swift; path = Queue.swift; sourceTree = "<group>"; };
		C5A028D81A663EAE0083E84C /* Stack.swift */ = {isa = PBXFileReference; fileEncoding = 4; lastKnownFileType = sourcecode.swift; path = Stack.swift; sourceTree = "<group>"; };
		C5E7A1551A5D035E00DC0892 /* OrderedDictionaryTests.swift */ = {isa = PBXFileReference; fileEncoding = 4; lastKnownFileType = sourcecode.swift; path = OrderedDictionaryTests.swift; sourceTree = "<group>"; };
		C5EEEB0D1A422B7600C5260C /* SwiftDataStructures.framework */ = {isa = PBXFileReference; explicitFileType = wrapper.framework; includeInIndex = 0; path = SwiftDataStructures.framework; sourceTree = BUILT_PRODUCTS_DIR; };
		C5EEEB111A422B7600C5260C /* Info.plist */ = {isa = PBXFileReference; lastKnownFileType = text.plist.xml; path = Info.plist; sourceTree = "<group>"; };
		C5EEEB121A422B7600C5260C /* SwiftDataStructures.h */ = {isa = PBXFileReference; lastKnownFileType = sourcecode.c.h; path = SwiftDataStructures.h; sourceTree = "<group>"; };
		C5EEEB181A422B7600C5260C /* SwiftDataStructuresTests.xctest */ = {isa = PBXFileReference; explicitFileType = wrapper.cfbundle; includeInIndex = 0; path = SwiftDataStructuresTests.xctest; sourceTree = BUILT_PRODUCTS_DIR; };
		C5EEEB1E1A422B7600C5260C /* Info.plist */ = {isa = PBXFileReference; lastKnownFileType = text.plist.xml; path = Info.plist; sourceTree = "<group>"; };
		C5EEEB2E1A422E7C00C5260C /* StackTests.swift */ = {isa = PBXFileReference; fileEncoding = 4; lastKnownFileType = sourcecode.swift; path = StackTests.swift; sourceTree = "<group>"; };
		C5EEEB321A4262F200C5260C /* LinkedListTests.swift */ = {isa = PBXFileReference; fileEncoding = 4; lastKnownFileType = sourcecode.swift; path = LinkedListTests.swift; sourceTree = "<group>"; };
		DC52CC2C1B3D7E95B24D00F8 /* Pods-SwiftDataStructures.debug.xcconfig */ = {isa = PBXFileReference; includeInIndex = 1; lastKnownFileType = text.xcconfig; name = "Pods-SwiftDataStructures.debug.xcconfig"; path = "Pods/Target Support Files/Pods-SwiftDataStructures/Pods-SwiftDataStructures.debug.xcconfig"; sourceTree = "<group>"; };
		E7B553EE0E0CAD67C96299C6 /* Pods_SwiftDataStructuresTests.framework */ = {isa = PBXFileReference; explicitFileType = wrapper.framework; includeInIndex = 0; path = Pods_SwiftDataStructuresTests.framework; sourceTree = BUILT_PRODUCTS_DIR; };
/* End PBXFileReference section */

/* Begin PBXFrameworksBuildPhase section */
		C5EEEB091A422B7600C5260C /* Frameworks */ = {
			isa = PBXFrameworksBuildPhase;
			buildActionMask = 2147483647;
			files = (
				C8E3C458E14A9DB93E28C2C9 /* Pods_SwiftDataStructures.framework in Frameworks */,
			);
			runOnlyForDeploymentPostprocessing = 0;
		};
		C5EEEB151A422B7600C5260C /* Frameworks */ = {
			isa = PBXFrameworksBuildPhase;
			buildActionMask = 2147483647;
			files = (
				C5EEEB191A422B7600C5260C /* SwiftDataStructures.framework in Frameworks */,
				EF101DC8D547359E66BD804F /* Pods.framework in Frameworks */,
				726953F41406AF4954BFBFE9 /* Pods_SwiftDataStructuresTests.framework in Frameworks */,
			);
			runOnlyForDeploymentPostprocessing = 0;
		};
/* End PBXFrameworksBuildPhase section */

/* Begin PBXGroup section */
		1809DA1C4307B1C5F7AE4333 /* Pods */ = {
			isa = PBXGroup;
			children = (
				58846DE5EC9E467A38CEDA56 /* Pods-SwiftDataStructuresTests.debug.xcconfig */,
				507CD344D704111AE4A2AA45 /* Pods-SwiftDataStructuresTests.release.xcconfig */,
				C44AC681E2EE307AAD25AE3E /* Pods.debug.xcconfig */,
				B65980CEC2A24E528DA41D0C /* Pods.release.xcconfig */,
				DC52CC2C1B3D7E95B24D00F8 /* Pods-SwiftDataStructures.debug.xcconfig */,
				8CCF7614B0342E8AE521AF52 /* Pods-SwiftDataStructures.release.xcconfig */,
			);
			name = Pods;
			sourceTree = "<group>";
		};
		38D35AC043E2696BE1C5F3A6 /* Frameworks */ = {
			isa = PBXGroup;
			children = (
				1B66FC743A128B0993EC6FE0 /* Pods.framework */,
				45B2E86B445EF47A1AE20F0F /* Pods_SwiftDataStructures.framework */,
				E7B553EE0E0CAD67C96299C6 /* Pods_SwiftDataStructuresTests.framework */,
			);
			name = Frameworks;
			sourceTree = "<group>";
		};
		C5A028D11A663EAE0083E84C /* src */ = {
			isa = PBXGroup;
			children = (
				C5A028D21A663EAE0083E84C /* Classes */,
			);
			path = src;
			sourceTree = "<group>";
		};
		C5A028D21A663EAE0083E84C /* Classes */ = {
			isa = PBXGroup;
			children = (
				C5A028D31A663EAE0083E84C /* LinkedList.swift */,
				C5A028D41A663EAE0083E84C /* OrderedDictionary.swift */,
				C5A028D51A663EAE0083E84C /* OrderedSet.swift */,
				C5A028D61A663EAE0083E84C /* Queue.swift */,
				C5A028D81A663EAE0083E84C /* Stack.swift */,
			);
			path = Classes;
			sourceTree = "<group>";
		};
		C5EEEB031A422B7600C5260C = {
			isa = PBXGroup;
			children = (
				C5A028D11A663EAE0083E84C /* src */,
				C5EEEB0F1A422B7600C5260C /* SwiftDataStructures */,
				C5EEEB1C1A422B7600C5260C /* SwiftDataStructuresTests */,
				C5EEEB0E1A422B7600C5260C /* Products */,
				38D35AC043E2696BE1C5F3A6 /* Frameworks */,
				1809DA1C4307B1C5F7AE4333 /* Pods */,
			);
			sourceTree = "<group>";
		};
		C5EEEB0E1A422B7600C5260C /* Products */ = {
			isa = PBXGroup;
			children = (
				C5EEEB0D1A422B7600C5260C /* SwiftDataStructures.framework */,
				C5EEEB181A422B7600C5260C /* SwiftDataStructuresTests.xctest */,
			);
			name = Products;
			sourceTree = "<group>";
		};
		C5EEEB0F1A422B7600C5260C /* SwiftDataStructures */ = {
			isa = PBXGroup;
			children = (
				C5EEEB121A422B7600C5260C /* SwiftDataStructures.h */,
				C5EEEB101A422B7600C5260C /* Supporting Files */,
			);
			path = SwiftDataStructures;
			sourceTree = "<group>";
		};
		C5EEEB101A422B7600C5260C /* Supporting Files */ = {
			isa = PBXGroup;
			children = (
				C5EEEB111A422B7600C5260C /* Info.plist */,
			);
			name = "Supporting Files";
			sourceTree = "<group>";
		};
		C5EEEB1C1A422B7600C5260C /* SwiftDataStructuresTests */ = {
			isa = PBXGroup;
			children = (
				C5062DF11A69070A00F65B86 /* LinkedListSpec.swift */,
				C50EC6721A69CA81005EC7EF /* OrderedDictionarySpec.swift */,
				C5EEEB321A4262F200C5260C /* LinkedListTests.swift */,
				C5EEEB2E1A422E7C00C5260C /* StackTests.swift */,
				C594F02F1A4324240046EE2F /* QueueTests.swift */,
				C5E7A1551A5D035E00DC0892 /* OrderedDictionaryTests.swift */,
				C5062DEF1A68F37700F65B86 /* TestHelpers.swift */,
				C57BD5F71A62AE5F0058548A /* TestHelpers.LinkedList.swift */,
				C530968D1A62F55A001C19E2 /* TestHelpers.OrderedDictionary.swift */,
				C5EEEB1D1A422B7600C5260C /* Supporting Files */,
			);
			path = SwiftDataStructuresTests;
			sourceTree = "<group>";
		};
		C5EEEB1D1A422B7600C5260C /* Supporting Files */ = {
			isa = PBXGroup;
			children = (
				C5EEEB1E1A422B7600C5260C /* Info.plist */,
			);
			name = "Supporting Files";
			sourceTree = "<group>";
		};
/* End PBXGroup section */

/* Begin PBXHeadersBuildPhase section */
		C5EEEB0A1A422B7600C5260C /* Headers */ = {
			isa = PBXHeadersBuildPhase;
			buildActionMask = 2147483647;
			files = (
				C5EEEB131A422B7600C5260C /* SwiftDataStructures.h in Headers */,
			);
			runOnlyForDeploymentPostprocessing = 0;
		};
/* End PBXHeadersBuildPhase section */

/* Begin PBXNativeTarget section */
		C5EEEB0C1A422B7600C5260C /* SwiftDataStructures */ = {
			isa = PBXNativeTarget;
			buildConfigurationList = C5EEEB231A422B7600C5260C /* Build configuration list for PBXNativeTarget "SwiftDataStructures" */;
			buildPhases = (
				94D3D8671CD73208F4065016 /* Check Pods Manifest.lock */,
				C5EEEB081A422B7600C5260C /* Sources */,
				C5EEEB091A422B7600C5260C /* Frameworks */,
				C5EEEB0A1A422B7600C5260C /* Headers */,
				C5EEEB0B1A422B7600C5260C /* Resources */,
				2E5825322659E77CB15B0A83 /* Copy Pods Resources */,
				C5E60C751A6AA76C009C66B0 /* ShellScript */,
			);
			buildRules = (
			);
			dependencies = (
			);
			name = SwiftDataStructures;
			productName = SwiftDataStructures;
			productReference = C5EEEB0D1A422B7600C5260C /* SwiftDataStructures.framework */;
			productType = "com.apple.product-type.framework";
		};
		C5EEEB171A422B7600C5260C /* SwiftDataStructuresTests */ = {
			isa = PBXNativeTarget;
			buildConfigurationList = C5EEEB261A422B7600C5260C /* Build configuration list for PBXNativeTarget "SwiftDataStructuresTests" */;
			buildPhases = (
				CF40B656BD065A734AE20575 /* Check Pods Manifest.lock */,
				C5EEEB141A422B7600C5260C /* Sources */,
				C5EEEB151A422B7600C5260C /* Frameworks */,
				C5EEEB161A422B7600C5260C /* Resources */,
				B5D56E8FB66A5599AE4C5FC2 /* Embed Pods Frameworks */,
				40D3F0B46420F8CA871CF9C3 /* Copy Pods Resources */,
				C5E60C761A6AA7B4009C66B0 /* ShellScript */,
				C5E60C771A6AAE87009C66B0 /* CopyFiles */,
			);
			buildRules = (
			);
			dependencies = (
				C5EEEB1B1A422B7600C5260C /* PBXTargetDependency */,
			);
			name = SwiftDataStructuresTests;
			productName = SwiftDataStructuresTests;
			productReference = C5EEEB181A422B7600C5260C /* SwiftDataStructuresTests.xctest */;
			productType = "com.apple.product-type.bundle.unit-test";
		};
/* End PBXNativeTarget section */

/* Begin PBXProject section */
		C5EEEB041A422B7600C5260C /* Project object */ = {
			isa = PBXProject;
			attributes = {
				LastSwiftUpdateCheck = 0720;
				LastUpgradeCheck = 0720;
				ORGANIZATIONNAME = "bryn austin bellomy";
				TargetAttributes = {
					C5EEEB0C1A422B7600C5260C = {
						CreatedOnToolsVersion = 6.1.1;
					};
					C5EEEB171A422B7600C5260C = {
						CreatedOnToolsVersion = 6.1.1;
					};
				};
			};
			buildConfigurationList = C5EEEB071A422B7600C5260C /* Build configuration list for PBXProject "SwiftDataStructures" */;
			compatibilityVersion = "Xcode 3.2";
			developmentRegion = English;
			hasScannedForEncodings = 0;
			knownRegions = (
				en,
			);
			mainGroup = C5EEEB031A422B7600C5260C;
			productRefGroup = C5EEEB0E1A422B7600C5260C /* Products */;
			projectDirPath = "";
			projectRoot = "";
			targets = (
				C5EEEB0C1A422B7600C5260C /* SwiftDataStructures */,
				C5EEEB171A422B7600C5260C /* SwiftDataStructuresTests */,
			);
		};
/* End PBXProject section */

/* Begin PBXResourcesBuildPhase section */
		C5EEEB0B1A422B7600C5260C /* Resources */ = {
			isa = PBXResourcesBuildPhase;
			buildActionMask = 2147483647;
			files = (
			);
			runOnlyForDeploymentPostprocessing = 0;
		};
		C5EEEB161A422B7600C5260C /* Resources */ = {
			isa = PBXResourcesBuildPhase;
			buildActionMask = 2147483647;
			files = (
			);
			runOnlyForDeploymentPostprocessing = 0;
		};
/* End PBXResourcesBuildPhase section */

/* Begin PBXShellScriptBuildPhase section */
		2E5825322659E77CB15B0A83 /* Copy Pods Resources */ = {
			isa = PBXShellScriptBuildPhase;
			buildActionMask = 2147483647;
			files = (
			);
			inputPaths = (
			);
			name = "Copy Pods Resources";
			outputPaths = (
			);
			runOnlyForDeploymentPostprocessing = 0;
			shellPath = /bin/sh;
			shellScript = "\"${SRCROOT}/Pods/Target Support Files/Pods-SwiftDataStructures/Pods-SwiftDataStructures-resources.sh\"\n";
			showEnvVarsInLog = 0;
		};
		40D3F0B46420F8CA871CF9C3 /* Copy Pods Resources */ = {
			isa = PBXShellScriptBuildPhase;
			buildActionMask = 2147483647;
			files = (
			);
			inputPaths = (
			);
			name = "Copy Pods Resources";
			outputPaths = (
			);
			runOnlyForDeploymentPostprocessing = 0;
			shellPath = /bin/sh;
			shellScript = "\"${SRCROOT}/Pods/Target Support Files/Pods-SwiftDataStructuresTests/Pods-SwiftDataStructuresTests-resources.sh\"\n";
			showEnvVarsInLog = 0;
		};
		94D3D8671CD73208F4065016 /* Check Pods Manifest.lock */ = {
			isa = PBXShellScriptBuildPhase;
			buildActionMask = 2147483647;
			files = (
			);
			inputPaths = (
			);
			name = "Check Pods Manifest.lock";
			outputPaths = (
			);
			runOnlyForDeploymentPostprocessing = 0;
			shellPath = /bin/sh;
			shellScript = "diff \"${PODS_ROOT}/../Podfile.lock\" \"${PODS_ROOT}/Manifest.lock\" > /dev/null\nif [[ $? != 0 ]] ; then\n    cat << EOM\nerror: The sandbox is not in sync with the Podfile.lock. Run 'pod install' or update your CocoaPods installation.\nEOM\n    exit 1\nfi\n";
			showEnvVarsInLog = 0;
		};
		B5D56E8FB66A5599AE4C5FC2 /* Embed Pods Frameworks */ = {
			isa = PBXShellScriptBuildPhase;
			buildActionMask = 2147483647;
			files = (
			);
			inputPaths = (
			);
			name = "Embed Pods Frameworks";
			outputPaths = (
			);
			runOnlyForDeploymentPostprocessing = 0;
			shellPath = /bin/sh;
			shellScript = "\"${SRCROOT}/Pods/Target Support Files/Pods-SwiftDataStructuresTests/Pods-SwiftDataStructuresTests-frameworks.sh\"\n";
			showEnvVarsInLog = 0;
		};
		C5E60C751A6AA76C009C66B0 /* ShellScript */ = {
			isa = PBXShellScriptBuildPhase;
			buildActionMask = 2147483647;
			files = (
			);
			inputPaths = (
				"",
			);
			outputPaths = (
			);
			runOnlyForDeploymentPostprocessing = 0;
			shellPath = /bin/sh;
			shellScript = "#/usr/local/bin/carthage copy-frameworks";
		};
		C5E60C761A6AA7B4009C66B0 /* ShellScript */ = {
			isa = PBXShellScriptBuildPhase;
			buildActionMask = 2147483647;
			files = (
			);
			inputPaths = (
				"$(SRCROOT)/Carthage/Build/Mac/Nimble.framework",
				"$(SRCROOT)/Carthage/Build/Mac/Quick.framework",
				"$(SRCROOT)/Carthage/Build/Mac/Respect.framework",
			);
			outputPaths = (
			);
			runOnlyForDeploymentPostprocessing = 0;
			shellPath = /bin/sh;
			shellScript = "#/usr/local/bin/carthage copy-frameworks";
		};
		CF40B656BD065A734AE20575 /* Check Pods Manifest.lock */ = {
			isa = PBXShellScriptBuildPhase;
			buildActionMask = 2147483647;
			files = (
			);
			inputPaths = (
			);
			name = "Check Pods Manifest.lock";
			outputPaths = (
			);
			runOnlyForDeploymentPostprocessing = 0;
			shellPath = /bin/sh;
			shellScript = "diff \"${PODS_ROOT}/../Podfile.lock\" \"${PODS_ROOT}/Manifest.lock\" > /dev/null\nif [[ $? != 0 ]] ; then\n    cat << EOM\nerror: The sandbox is not in sync with the Podfile.lock. Run 'pod install' or update your CocoaPods installation.\nEOM\n    exit 1\nfi\n";
			showEnvVarsInLog = 0;
		};
/* End PBXShellScriptBuildPhase section */

/* Begin PBXSourcesBuildPhase section */
		C5EEEB081A422B7600C5260C /* Sources */ = {
			isa = PBXSourcesBuildPhase;
			buildActionMask = 2147483647;
			files = (
				C5A028DB1A663EAE0083E84C /* LinkedList.swift in Sources */,
				C5E8B10C1C4A327C003E94DA /* OrderedDictionary.swift in Sources */,
				C5E8B1091C4A2FE4003E94DA /* Stack.swift in Sources */,
				C5E8B1081C4A2E9D003E94DA /* Queue.swift in Sources */,
				C5E8B10D1C4A358E003E94DA /* OrderedSet.swift in Sources */,
			);
			runOnlyForDeploymentPostprocessing = 0;
		};
		C5EEEB141A422B7600C5260C /* Sources */ = {
			isa = PBXSourcesBuildPhase;
			buildActionMask = 2147483647;
			files = (
				C5EEEB2F1A422E7C00C5260C /* StackTests.swift in Sources */,
				C50EC6731A69CA81005EC7EF /* OrderedDictionarySpec.swift in Sources */,
				C57BD5F81A62AE5F0058548A /* TestHelpers.LinkedList.swift in Sources */,
				C530968E1A62F55A001C19E2 /* TestHelpers.OrderedDictionary.swift in Sources */,
				C5062DF21A69070A00F65B86 /* LinkedListSpec.swift in Sources */,
				C5E7A1561A5D035E00DC0892 /* OrderedDictionaryTests.swift in Sources */,
				C594F0301A4324240046EE2F /* QueueTests.swift in Sources */,
				C5EEEB331A4262F200C5260C /* LinkedListTests.swift in Sources */,
				C5062DF01A68F37700F65B86 /* TestHelpers.swift in Sources */,
			);
			runOnlyForDeploymentPostprocessing = 0;
		};
/* End PBXSourcesBuildPhase section */

/* Begin PBXTargetDependency section */
		C5EEEB1B1A422B7600C5260C /* PBXTargetDependency */ = {
			isa = PBXTargetDependency;
			target = C5EEEB0C1A422B7600C5260C /* SwiftDataStructures */;
			targetProxy = C5EEEB1A1A422B7600C5260C /* PBXContainerItemProxy */;
		};
/* End PBXTargetDependency section */

/* Begin XCBuildConfiguration section */
		C5EEEB211A422B7600C5260C /* Debug */ = {
			isa = XCBuildConfiguration;
			buildSettings = {
				ALWAYS_SEARCH_USER_PATHS = NO;
				CLANG_CXX_LANGUAGE_STANDARD = "gnu++0x";
				CLANG_CXX_LIBRARY = "libc++";
				CLANG_ENABLE_MODULES = YES;
				CLANG_ENABLE_OBJC_ARC = YES;
				CLANG_WARN_BOOL_CONVERSION = YES;
				CLANG_WARN_CONSTANT_CONVERSION = YES;
				CLANG_WARN_DIRECT_OBJC_ISA_USAGE = YES_ERROR;
				CLANG_WARN_EMPTY_BODY = YES;
				CLANG_WARN_ENUM_CONVERSION = YES;
				CLANG_WARN_INT_CONVERSION = YES;
				CLANG_WARN_OBJC_ROOT_CLASS = YES_ERROR;
				CLANG_WARN_UNREACHABLE_CODE = YES;
				CLANG_WARN__DUPLICATE_METHOD_MATCH = YES;
				COPY_PHASE_STRIP = NO;
				CURRENT_PROJECT_VERSION = 1;
				ENABLE_STRICT_OBJC_MSGSEND = YES;
				ENABLE_TESTABILITY = YES;
				GCC_C_LANGUAGE_STANDARD = gnu99;
				GCC_DYNAMIC_NO_PIC = NO;
				GCC_GENERATE_TEST_COVERAGE_FILES = YES;
				GCC_INSTRUMENT_PROGRAM_FLOW_ARCS = YES;
				GCC_OPTIMIZATION_LEVEL = 0;
				GCC_PREPROCESSOR_DEFINITIONS = (
					"DEBUG=1",
					"$(inherited)",
				);
				GCC_SYMBOLS_PRIVATE_EXTERN = NO;
				GCC_WARN_64_TO_32_BIT_CONVERSION = YES;
				GCC_WARN_ABOUT_RETURN_TYPE = YES_ERROR;
				GCC_WARN_UNDECLARED_SELECTOR = YES;
				GCC_WARN_UNINITIALIZED_AUTOS = YES_AGGRESSIVE;
				GCC_WARN_UNUSED_FUNCTION = YES;
				GCC_WARN_UNUSED_VARIABLE = YES;
				MACOSX_DEPLOYMENT_TARGET = 10.10;
				MTL_ENABLE_DEBUG_INFO = YES;
				ONLY_ACTIVE_ARCH = YES;
				SDKROOT = macosx;
				SWIFT_OPTIMIZATION_LEVEL = "-Onone";
				VERSIONING_SYSTEM = "apple-generic";
				VERSION_INFO_PREFIX = "";
			};
			name = Debug;
		};
		C5EEEB221A422B7600C5260C /* Release */ = {
			isa = XCBuildConfiguration;
			buildSettings = {
				ALWAYS_SEARCH_USER_PATHS = NO;
				CLANG_CXX_LANGUAGE_STANDARD = "gnu++0x";
				CLANG_CXX_LIBRARY = "libc++";
				CLANG_ENABLE_MODULES = YES;
				CLANG_ENABLE_OBJC_ARC = YES;
				CLANG_WARN_BOOL_CONVERSION = YES;
				CLANG_WARN_CONSTANT_CONVERSION = YES;
				CLANG_WARN_DIRECT_OBJC_ISA_USAGE = YES_ERROR;
				CLANG_WARN_EMPTY_BODY = YES;
				CLANG_WARN_ENUM_CONVERSION = YES;
				CLANG_WARN_INT_CONVERSION = YES;
				CLANG_WARN_OBJC_ROOT_CLASS = YES_ERROR;
				CLANG_WARN_UNREACHABLE_CODE = YES;
				CLANG_WARN__DUPLICATE_METHOD_MATCH = YES;
				COPY_PHASE_STRIP = YES;
				CURRENT_PROJECT_VERSION = 1;
				DEBUG_INFORMATION_FORMAT = "dwarf-with-dsym";
				ENABLE_NS_ASSERTIONS = NO;
				ENABLE_STRICT_OBJC_MSGSEND = YES;
				GCC_C_LANGUAGE_STANDARD = gnu99;
				GCC_WARN_64_TO_32_BIT_CONVERSION = YES;
				GCC_WARN_ABOUT_RETURN_TYPE = YES_ERROR;
				GCC_WARN_UNDECLARED_SELECTOR = YES;
				GCC_WARN_UNINITIALIZED_AUTOS = YES_AGGRESSIVE;
				GCC_WARN_UNUSED_FUNCTION = YES;
				GCC_WARN_UNUSED_VARIABLE = YES;
				MACOSX_DEPLOYMENT_TARGET = 10.10;
				MTL_ENABLE_DEBUG_INFO = NO;
				SDKROOT = macosx;
				VERSIONING_SYSTEM = "apple-generic";
				VERSION_INFO_PREFIX = "";
			};
			name = Release;
		};
		C5EEEB241A422B7600C5260C /* Debug */ = {
			isa = XCBuildConfiguration;
			baseConfigurationReference = DC52CC2C1B3D7E95B24D00F8 /* Pods-SwiftDataStructures.debug.xcconfig */;
			buildSettings = {
				COMBINE_HIDPI_IMAGES = YES;
				DEFINES_MODULE = YES;
				DYLIB_COMPATIBILITY_VERSION = 1;
				DYLIB_CURRENT_VERSION = 1;
				DYLIB_INSTALL_NAME_BASE = "@rpath";
				FRAMEWORK_SEARCH_PATHS = (
					"$(inherited)",
					"$(PROJECT_DIR)/Carthage/Build/iOS",
					"$(PROJECT_DIR)/Carthage/Build/Mac",
				);
				FRAMEWORK_VERSION = A;
				INFOPLIST_FILE = SwiftDataStructures/Info.plist;
				INSTALL_PATH = "$(LOCAL_LIBRARY_DIR)/Frameworks";
				LD_RUNPATH_SEARCH_PATHS = "$(inherited) @executable_path/../Frameworks @loader_path/Frameworks";
				PRODUCT_NAME = "$(TARGET_NAME)";
				SKIP_INSTALL = YES;
			};
			name = Debug;
		};
		C5EEEB251A422B7600C5260C /* Release */ = {
			isa = XCBuildConfiguration;
			baseConfigurationReference = 8CCF7614B0342E8AE521AF52 /* Pods-SwiftDataStructures.release.xcconfig */;
			buildSettings = {
				COMBINE_HIDPI_IMAGES = YES;
				DEFINES_MODULE = YES;
				DYLIB_COMPATIBILITY_VERSION = 1;
				DYLIB_CURRENT_VERSION = 1;
				DYLIB_INSTALL_NAME_BASE = "@rpath";
				FRAMEWORK_SEARCH_PATHS = (
					"$(inherited)",
					"$(PROJECT_DIR)/Carthage/Build/iOS",
					"$(PROJECT_DIR)/Carthage/Build/Mac",
				);
				FRAMEWORK_VERSION = A;
				INFOPLIST_FILE = SwiftDataStructures/Info.plist;
				INSTALL_PATH = "$(LOCAL_LIBRARY_DIR)/Frameworks";
				LD_RUNPATH_SEARCH_PATHS = "$(inherited) @executable_path/../Frameworks @loader_path/Frameworks";
				PRODUCT_NAME = "$(TARGET_NAME)";
				SKIP_INSTALL = YES;
			};
			name = Release;
		};
		C5EEEB271A422B7600C5260C /* Debug */ = {
			isa = XCBuildConfiguration;
			baseConfigurationReference = 58846DE5EC9E467A38CEDA56 /* Pods-SwiftDataStructuresTests.debug.xcconfig */;
			buildSettings = {
				COMBINE_HIDPI_IMAGES = YES;
				FRAMEWORK_SEARCH_PATHS = (
					"$(DEVELOPER_FRAMEWORKS_DIR)",
					"$(inherited)",
					"$(PROJECT_DIR)/Carthage/Build/Mac",
				);
				GCC_PREPROCESSOR_DEFINITIONS = (
					"DEBUG=1",
					"$(inherited)",
				);
				INFOPLIST_FILE = SwiftDataStructuresTests/Info.plist;
				LD_RUNPATH_SEARCH_PATHS = "$(inherited) @executable_path/../Frameworks @loader_path/../Frameworks";
				PRODUCT_NAME = "$(TARGET_NAME)";
			};
			name = Debug;
		};
		C5EEEB281A422B7600C5260C /* Release */ = {
			isa = XCBuildConfiguration;
			baseConfigurationReference = 507CD344D704111AE4A2AA45 /* Pods-SwiftDataStructuresTests.release.xcconfig */;
			buildSettings = {
				COMBINE_HIDPI_IMAGES = YES;
				FRAMEWORK_SEARCH_PATHS = (
					"$(DEVELOPER_FRAMEWORKS_DIR)",
					"$(inherited)",
					"$(PROJECT_DIR)/Carthage/Build/Mac",
				);
				INFOPLIST_FILE = SwiftDataStructuresTests/Info.plist;
				LD_RUNPATH_SEARCH_PATHS = "$(inherited) @executable_path/../Frameworks @loader_path/../Frameworks";
				PRODUCT_NAME = "$(TARGET_NAME)";
			};
			name = Release;
		};
/* End XCBuildConfiguration section */

/* Begin XCConfigurationList section */
		C5EEEB071A422B7600C5260C /* Build configuration list for PBXProject "SwiftDataStructures" */ = {
			isa = XCConfigurationList;
			buildConfigurations = (
				C5EEEB211A422B7600C5260C /* Debug */,
				C5EEEB221A422B7600C5260C /* Release */,
			);
			defaultConfigurationIsVisible = 0;
			defaultConfigurationName = Release;
		};
		C5EEEB231A422B7600C5260C /* Build configuration list for PBXNativeTarget "SwiftDataStructures" */ = {
			isa = XCConfigurationList;
			buildConfigurations = (
				C5EEEB241A422B7600C5260C /* Debug */,
				C5EEEB251A422B7600C5260C /* Release */,
			);
			defaultConfigurationIsVisible = 0;
			defaultConfigurationName = Release;
		};
		C5EEEB261A422B7600C5260C /* Build configuration list for PBXNativeTarget "SwiftDataStructuresTests" */ = {
			isa = XCConfigurationList;
			buildConfigurations = (
				C5EEEB271A422B7600C5260C /* Debug */,
				C5EEEB281A422B7600C5260C /* Release */,
			);
			defaultConfigurationIsVisible = 0;
			defaultConfigurationName = Release;
		};
/* End XCConfigurationList section */
	};
	rootObject = C5EEEB041A422B7600C5260C /* Project object */;
}
