PODS:
  - Funky (0.3.0):
    - Regex (= 0.3.0)
  - Nimble (3.1.0)
  - Quick (0.9.1)
  - Regex (0.3.0)
  - Respect (0.0.1):
    - Nimble
    - Quick

DEPENDENCIES:
  - Funky (= 0.3.0)
  - Nimble
  - Quick
  - Regex (= 0.3.0)
  - Respect (from `~/projects/_swift/Respect`)

EXTERNAL SOURCES:
  Respect:
    :path: "~/projects/_swift/Respect"

SPEC CHECKSUMS:
  Funky: ed6dbc079d41b3e5ad4e0cd87059b925b5641547
  Nimble: 79d40f4d69d47314229bbabacaa02b8838c779b9
  Quick: a5221fc21788b6aeda934805e68b061839bc3165
  Regex: 6bfb554ad7d5b1be9cfc57ab1fe2fb6cee45a344
  Respect: 435b3053397ee26aad27e39ef07ff8305a21d22c

PODFILE CHECKSUM: 4a6d2f76bf0ae222fb06982fed9cd37b92714285

COCOAPODS: 1.0.0.beta.3
