PODS:
  - Funky (0.1.0):
    - LlamaKit (= 0.1.1)
  - LlamaKit (0.1.1)
  - Nimble (0.2.0)
  - Quick (0.2.0)
  - Respect (0.0.1)

DEPENDENCIES:
  - Funky (~> 0.1.x)
  - LlamaKit (~> 0.1.x)
  - Nimble (from `https://github.com/Quick/Nimble.git`)
  - Quick (from `https://github.com/Quick/Quick.git`)
  - Respect (from `~/projects/_swift/Respect`)

EXTERNAL SOURCES:
  Nimble:
    :git: https://github.com/Quick/Nimble.git
  Quick:
    :git: https://github.com/Quick/Quick.git
  Respect:
    :path: ~/projects/_swift/Respect

CHECKOUT OPTIONS:
  Nimble:
    :commit: 21b17c1427d850ad9f5d26ebeabece8a01da7d75
    :git: https://github.com/Quick/Nimble.git
  Quick:
    :commit: 20a51898c7999f6a1c13036b1c39951825e0f581
    :git: https://github.com/Quick/Quick.git

SPEC CHECKSUMS:
  Funky: 64530d8330aab5cc9fe7633db91b659aa6da30bb
  LlamaKit: 430d2ae678888d13fe87f8a01d0c4fb69c06eb93
  Nimble: 79679d4cd5a3710db75e1dd9f5479f71842da6a6
  Quick: fdcce541eb5d73f5ac78f95c770ca6d6d69f0b81
  Respect: f42f732592edea485b19136af5d6e4260c8e519d

COCOAPODS: 0.36.0.beta.1
